github.com/benfiola/game-server-helper v0.0.0-20250123013012-b312d408c433 h1:jPCnRVO2AP/kFFyHZaW6e+a2grpM5AVTWPi5MAl+tLM=
github.com/benfiola/game-server-helper v0.0.0-20250123013012-b312d408c433/go.mod h1:2K3xGIuPTTcEtNDdYYYDGRgmjbNlsHkLzHu096ujCu0=
github.com/benfiola/game-server-helper v0.0.0-20250123045458-cfa765badfcb h1:O9pnX4Tt322w6FdEO/a+sBQMSEZh4fSxNwC0FcFxRTw=
github.com/benfiola/game-server-helper v0.0.0-20250123045458-cfa765badfcb/go.mod h1:2K3xGIuPTTcEtNDdYYYDGRgmjbNlsHkLzHu096ujCu0=
github.com/benfiola/game-server-helper v0.0.0-20250123051615-105a01820c88 h1:HTNyG6JFlfSg00mKH5DpHGpkRErS21vaHp90sPklxcM=
github.com/benfiola/game-server-helper v0.0.0-20250123051615-105a01820c88/go.mod h1:2K3xGIuPTTcEtNDdYYYDGRgmjbNlsHkLzHu096ujCu0=
github.com/benfiola/game-server-helper v0.0.0-20250123055429-4ee357b12768 h1:kX135jp7kANXq6/iW3NmVMiBiUaMWl7oAURQ8AKXL5w=
github.com/benfiola/game-server-helper v0.0.0-20250123055429-4ee357b12768/go.mod h1:2K3xGIuPTTcEtNDdYYYDGRgmjbNlsHkLzHu096ujCu0=
github.com/benfiola/game-server-helper v0.0.0-20250123060534-ebca64afb28e h1:xMbiao8XFf9Z/im104mO5ZOtGnOh0mYe2sO8+M/bH1g=
github.com/benfiola/game-server-helper v0.0.0-20250123060534-ebca64afb28e/go.mod h1:2K3xGIuPTTcEtNDdYYYDGRgmjbNlsHkLzHu096ujCu0=
github.com/benfiola/game-server-helper v0.0.0-20250123062709-8dc641904bae h1:rOGUFE7+krGB8JJmXoW5d8BDBIOLsGaunhydpy4LPYg=
github.com/benfiola/game-server-helper v0.0.0-20250123062709-8dc641904bae/go.mod h1:2K3xGIuPTTcEtNDdYYYDGRgmjbNlsHkLzHu096ujCu0=
github.com/benfiola/game-server-helper v0.0.0-20250123215937-6c8f4218708a h1:mojlbo01x3Mu0MJadSexcWCnaLkD23aiESyMltroc/0=
github.com/benfiola/game-server-helper v0.0.0-20250123215937-6c8f4218708a/go.mod h1:2K3xGIuPTTcEtNDdYYYDGRgmjbNlsHkLzHu096ujCu0=
github.com/benfiola/game-server-helper v0.0.0-20250123224803-a0a0caeca6dd h1:sgjny1PBrt7l+5V1t7Ffn+NEiVGhpC1aF5N32teD9Z8=
github.com/benfiola/game-server-helper v0.0.0-20250123224803-a0a0caeca6dd/go.mod h1:2K3xGIuPTTcEtNDdYYYDGRgmjbNlsHkLzHu096ujCu0=
github.com/benfiola/game-server-helper v0.0.0-20250123225808-2adb697f7b95 h1:tCM5oIepQ0MPWFhoPbDqTNNYh/zJbuj+3qSMIAykRoo=
github.com/benfiola/game-server-helper v0.0.0-20250123225808-2adb697f7b95/go.mod h1:2K3xGIuPTTcEtNDdYYYDGRgmjbNlsHkLzHu096ujCu0=
github.com/benfiola/game-server-helper v0.0.0-20250124022833-6109c92b87cc h1:HWrs119Bm8Wz/bo4XCEogP4Rc1nTi6W74MvlcrxTgNc=
github.com/benfiola/game-server-helper v0.0.0-20250124022833-6109c92b87cc/go.mod h1:2K3xGIuPTTcEtNDdYYYDGRgmjbNlsHkLzHu096ujCu0=
github.com/benfiola/game-server-helper v0.0.0-20250124062701-acf6ac534753 h1:klEw1WeVXwITkRzF92DJwWHXIC/77fMnPYStbCNlhPM=
github.com/benfiola/game-server-helper v0.0.0-20250124062701-acf6ac534753/go.mod h1:k/IfvfQsHZgGhzOLXPWBianwnFnl+gX9T5Dpqvy6EvA=
github.com/benfiola/game-server-helper v0.0.0-20250124063913-d8f72e139471 h1:GCGMbMfxW9XC+xmaUDlTKGn7pRrQedxC2/S6vzAHG0E=
github.com/benfiola/game-server-helper v0.0.0-20250124063913-d8f72e139471/go.mod h1:k/IfvfQsHZgGhzOLXPWBianwnFnl+gX9T5Dpqvy6EvA=
github.com/benfiola/game-server-helper v0.0.0-20250124065126-c0410eeb2ce4 h1:lZPyNSRogInew9v+VHJ4vu4iUtzZxJsEbRq2G+/PEfE=
github.com/benfiola/game-server-helper v0.0.0-20250124065126-c0410eeb2ce4/go.mod h1:k/IfvfQsHZgGhzOLXPWBianwnFnl+gX9T5Dpqvy6EvA=
github.com/benfiola/game-server-helper v0.0.0-20250124071444-1a7fdcc713a7 h1:TKeubCxf3+twLpJAZLNoBmGfomhFbvamJU4Z8FDOqL4=
github.com/benfiola/game-server-helper v0.0.0-20250124071444-1a7fdcc713a7/go.mod h1:k/IfvfQsHZgGhzOLXPWBianwnFnl+gX9T5Dpqvy6EvA=
github.com/benfiola/game-server-helper v0.0.0-20250124071645-b374a62667be h1:kOBOXw0D8I1nazvrV1jM/TTheICImCTTSIoKzp7+zvQ=
github.com/benfiola/game-server-helper v0.0.0-20250124071645-b374a62667be/go.mod h1:k/IfvfQsHZgGhzOLXPWBianwnFnl+gX9T5Dpqvy6EvA=
github.com/benfiola/game-server-helper v0.0.0-20250124212229-a2569895b4ad h1:+AdRyphhPT1z1O54Mqf7IFrz8KoHNDST653kP4VTtdc=
github.com/benfiola/game-server-helper v0.0.0-20250124212229-a2569895b4ad/go.mod h1:NuqNpvKwuhLV4j7+lCKvQbNrRlmnO/tAzffh2a3Vi04=
github.com/caarlos0/env/v11 v11.3.1 h1:cArPWC15hWmEt+gWk7YBi7lEXTXCvpaSdCiZE2X5mCA=
github.com/caarlos0/env/v11 v11.3.1/go.mod h1:qupehSf/Y0TUTsxKywqRt/vJjN5nz6vauiYEUUr8P4U=
github.com/evanphx/json-patch/v5 v5.9.0 h1:kcBlZQbplgElYIlo/n1hJbls2z/1awpXxpRi0/FOJfg=
github.com/evanphx/json-patch/v5 v5.9.0/go.mod h1:VNkHZ/282BpEyt/tObQO8s5CMPmYYq14uClGH4abBuQ=
github.com/pkg/errors v0.8.1 h1:iURUrRGxPUNPdy5/HRSm+Yj6okJ6UtLINN0Q9M4+h3I=
github.com/pkg/errors v0.8.1/go.mod h1:bwawxfHBFNV+L2hUp1rHADufV3IMtnDRdf1r5NINEl0=
